
Microsoft Visual Studio Solution File, Format Version 12.00
# Visual Studio Version 17
VisualStudioVersion = 17.7.34031.279
MinimumVisualStudioVersion = 10.0.40219.1
Project("{9A19103F-16F7-4668-BE54-9A1E7A4F7556}") = "ScorerApproximation", "ScorerApproximation\ScorerApproximation.csproj", "{D59B7999-A61C-433D-BDC4-F65C9C4991DD}"
EndProject
Project("{FAE04EC0-301F-11D3-BF4B-00C04F79EFBC}") = "ScorerPade", "ScorerPade\ScorerPade.csproj", "{1B24627C-5429-4D59-86B8-C6BB59809BAE}"
EndProject
Global
	GlobalSection(SolutionConfigurationPlatforms) = preSolution
		Debug|Any CPU = Debug|Any CPU
		Release|Any CPU = Release|Any CPU
	EndGlobalSection
	GlobalSection(ProjectConfigurationPlatforms) = postSolution
		{D59B7999-A61C-433D-BDC4-F65C9C4991DD}.Debug|Any CPU.ActiveCfg = Debug|Any CPU
		{D59B7999-A61C-433D-BDC4-F65C9C4991DD}.Debug|Any CPU.Build.0 = Debug|Any CPU
		{D59B7999-A61C-433D-BDC4-F65C9C4991DD}.Release|Any CPU.ActiveCfg = Release|Any CPU
		{D59B7999-A61C-433D-BDC4-F65C9C4991DD}.Release|Any CPU.Build.0 = Release|Any CPU
		{1B24627C-5429-4D59-86B8-C6BB59809BAE}.Debug|Any CPU.ActiveCfg = Debug|Any CPU
		{1B24627C-5429-4D59-86B8-C6BB59809BAE}.Debug|Any CPU.Build.0 = Debug|Any CPU
		{1B24627C-5429-4D59-86B8-C6BB59809BAE}.Release|Any CPU.ActiveCfg = Release|Any CPU
		{1B24627C-5429-4D59-86B8-C6BB59809BAE}.Release|Any CPU.Build.0 = Release|Any CPU
	EndGlobalSection
	GlobalSection(SolutionProperties) = preSolution
		HideSolutionNode = FALSE
	EndGlobalSection
	GlobalSection(ExtensibilityGlobals) = postSolution
		SolutionGuid = {DC50312E-7096-43D8-9DA5-06417E953F90}
	EndGlobalSection
EndGlobal
